
Microsoft Visual Studio Solution File, Format Version 12.00
# Visual Studio Version 17
VisualStudioVersion = 17.7.34024.191
MinimumVisualStudioVersion = 10.0.40219.1
Project("{FAE04EC0-301F-11D3-BF4B-00C04F79EFBC}") = "Sweng421FinalProject", "Sweng421FinalProject\Sweng421FinalProject.csproj", "{05AA1938-2397-4B43-96B7-8E4F802AA2BC}"
EndProject
Global
	GlobalSection(SolutionConfigurationPlatforms) = preSolution
		Debug|Any CPU = Debug|Any CPU
		Release|Any CPU = Release|Any CPU
	EndGlobalSection
	GlobalSection(ProjectConfigurationPlatforms) = postSolution
		{05AA1938-2397-4B43-96B7-8E4F802AA2BC}.Debug|Any CPU.ActiveCfg = Debug|Any CPU
		{05AA1938-2397-4B43-96B7-8E4F802AA2BC}.Debug|Any CPU.Build.0 = Debug|Any CPU
		{05AA1938-2397-4B43-96B7-8E4F802AA2BC}.Release|Any CPU.ActiveCfg = Release|Any CPU
		{05AA1938-2397-4B43-96B7-8E4F802AA2BC}.Release|Any CPU.Build.0 = Release|Any CPU
	EndGlobalSection
	GlobalSection(SolutionProperties) = preSolution
		HideSolutionNode = FALSE
	EndGlobalSection
	GlobalSection(ExtensibilityGlobals) = postSolution
		SolutionGuid = {2E96DAE6-1364-4854-8260-6ABEC14CE213}
	EndGlobalSection
EndGlobal
